lockfileVersion: '9.0'

settings:
  autoInstallPeers: true
  excludeLinksFromLockfile: false

importers:

  .:
    dependencies:
      fuzzball:
        specifier: ^2.2.2
        version: 2.2.2
      jsnice:
        specifier: ^0.2.0
        version: 0.2.0
      prettier:
        specifier: ^3.5.1
        version: 3.5.1
      tiktoken:
        specifier: ^1.0.21
        version: 1.0.21

packages:

  docopt@0.4.1:
    resolution: {integrity: sha512-0N9gEXD/Q/YhEQoCxks478dhz5dchVozPC7qr9vIvzZP0aF/08msLLKm/ufQEmPrrlNaHAZF+konw6wS2UNUlg==}
    engines: {node: '>=0.8.0'}

  fuzzball@2.2.2:
    resolution: {integrity: sha512-NCJZdEur2qTZ6/dYjkvLnNOnDxN4JG1rOWSRJS2ser4cFGVqFNBu2JjudxU2kZrHqfKg1zmtHii/JmWLaEeDHw==}

  heap@0.2.7:
    resolution: {integrity: sha512-2bsegYkkHO+h/9MGbn6KWcE45cHZgPANo5LXF7EvWdT0yT2EguSVO1nDgU5c8+ZOPwp2vMNa7YFsJhVcDR9Sdg==}

  jsnice@0.2.0:
    resolution: {integrity: sha512-oLZUuRrnapKC1I3yxwpYxid87LPcA6tViuAHJD5CtUwU/1Y9QZIhRNYcsT082FvtwUS+730h9x2QHVr5aPuApw==}
    hasBin: true

  lodash@4.17.21:
    resolution: {integrity: sha512-v2kDEe57lecTulaDIuNTPy3Ry4gLGJ6Z1O3vE1krgXZNrsQ+LFTGHVxVjcXPs17LhbZVGedAJv8XZ1tvj5FvSg==}

  prettier@3.5.1:
    resolution: {integrity: sha512-hPpFQvHwL3Qv5AdRvBFMhnKo4tYxp0ReXiPn2bxkiohEX6mBeBwEpBSQTkD458RaaDKQMYSp4hX4UtfUTA5wDw==}
    engines: {node: '>=14'}
    hasBin: true

  setimmediate@1.0.5:
    resolution: {integrity: sha512-MATJdZp8sLqDl/68LfQmbP8zKPLQNV6BIZoIgrscFDQ+RsvK/BxeDQOgyxKKoh0y/8h3BqVFnCqQ/gd+reiIXA==}

  tiktoken@1.0.21:
    resolution: {integrity: sha512-/kqtlepLMptX0OgbYD9aMYbM7EFrMZCL7EoHM8Psmg2FuhXoo/bH64KqOiZGGwa6oS9TPdSEDKBnV2LuB8+5vQ==}

snapshots:

  docopt@0.4.1: {}

  fuzzball@2.2.2:
    dependencies:
      heap: 0.2.7
      lodash: 4.17.21
      setimmediate: 1.0.5

  heap@0.2.7: {}

  jsnice@0.2.0:
    dependencies:
      docopt: 0.4.1

  lodash@4.17.21: {}

  prettier@3.5.1: {}

  setimmediate@1.0.5: {}

  tiktoken@1.0.21: {}
